
Microsoft Visual Studio Solution File, Format Version 12.00
# Visual Studio 15
VisualStudioVersion = 15.0.27130.2026
MinimumVisualStudioVersion = 10.0.40219.1
Project("{FAE04EC0-301F-11D3-BF4B-00C04F79EFBC}") = "BetterNowPlayingWPF", "BetterNowPlayingWPF\BetterNowPlayingWPF.csproj", "{D2544570-409F-4099-8224-838327C9C868}"
EndProject
Global
	GlobalSection(SolutionConfigurationPlatforms) = preSolution
		Debug|Any CPU = Debug|Any CPU
		Release|Any CPU = Release|Any CPU
	EndGlobalSection
	GlobalSection(ProjectConfigurationPlatforms) = postSolution
		{D2544570-409F-4099-8224-838327C9C868}.Debug|Any CPU.ActiveCfg = Debug|Any CPU
		{D2544570-409F-4099-8224-838327C9C868}.Debug|Any CPU.Build.0 = Debug|Any CPU
		{D2544570-409F-4099-8224-838327C9C868}.Release|Any CPU.ActiveCfg = Release|Any CPU
		{D2544570-409F-4099-8224-838327C9C868}.Release|Any CPU.Build.0 = Release|Any CPU
	EndGlobalSection
	GlobalSection(SolutionProperties) = preSolution
		HideSolutionNode = FALSE
	EndGlobalSection
	GlobalSection(ExtensibilityGlobals) = postSolution
		SolutionGuid = {F9C0422F-2C43-4BB3-BD5F-5062C4829F42}
	EndGlobalSection
EndGlobal
